{
  "originHash" : "92ecd0a3e06cdc9f195e1b68d69abcbf2b5a8237eda90fd7397b4be79c3018a0",
  "pins" : [
    {
      "identity" : "combineext",
      "kind" : "remoteSourceControl",
      "location" : "https://github.com/CombineCommunity/CombineExt",
      "state" : {
        "revision" : "d7b896fa9ca8b47fa7bcde6b43ef9b70bf8c1f56",
        "version" : "1.8.1"
      }
    },
    {
      "identity" : "swiftui.foundations",
      "kind" : "remoteSourceControl",
      "location" : "https://github.com/jasonjrr/SwiftUI.Foundations",
      "state" : {
        "revision" : "b5e698fb54b78092aa5a46d6e4d8f7079eec2537"
      }
    },
    {
      "identity" : "swinject",
      "kind" : "remoteSourceControl",
      "location" : "https://github.com/Swinject/Swinject",
      "state" : {
        "revision" : "be9dbcc7b86811bc131539a20c6f9c2d3e56919f",
        "version" : "2.9.1"
      }
    }
  ],
  "version" : 3
}
